// !$*UTF8*$!
{
	archiveVersion = 1;
	classes = {
	};
	objectVersion = 46;
	objects = {

/* Begin PBXBuildFile section */
		184F70641C566BE3001440B6 /* main.m in Sources */ = {isa = PBXBuildFile; fileRef = 184F70631C566BE3001440B6 /* main.m */; };
		184F70671C566BE3001440B6 /* AppDelegate.m in Sources */ = {isa = PBXBuildFile; fileRef = 184F70661C566BE3001440B6 /* AppDelegate.m */; };
		184F706D1C566BE3001440B6 /* Main.storyboard in Resources */ = {isa = PBXBuildFile; fileRef = 184F706B1C566BE3001440B6 /* Main.storyboard */; };
		184F706F1C566BE3001440B6 /* Assets.xcassets in Resources */ = {isa = PBXBuildFile; fileRef = 184F706E1C566BE3001440B6 /* Assets.xcassets */; };
		184F70851C566FEB001440B6 /* tab_buddy_nor@2x.png in Resources */ = {isa = PBXBuildFile; fileRef = 184F70821C566FEB001440B6 /* tab_buddy_nor@2x.png */; };
		184F70861C566FEB001440B6 /* tab_me_nor@2x.png in Resources */ = {isa = PBXBuildFile; fileRef = 184F70831C566FEB001440B6 /* tab_me_nor@2x.png */; };
		184F70871C566FEB001440B6 /* tab_qworld_nor@2x.png in Resources */ = {isa = PBXBuildFile; fileRef = 184F70841C566FEB001440B6 /* tab_qworld_nor@2x.png */; };
		7582F545217597B600701B49 /* ViewController.m in Sources */ = {isa = PBXBuildFile; fileRef = 7582F544217597B600701B49 /* ViewController.m */; };
		7582F548217597C300701B49 /* OneViewController.m in Sources */ = {isa = PBXBuildFile; fileRef = 7582F547217597C300701B49 /* OneViewController.m */; };
		7582F54B217597CF00701B49 /* TwoViewController.m in Sources */ = {isa = PBXBuildFile; fileRef = 7582F54A217597CF00701B49 /* TwoViewController.m */; };
/* End PBXBuildFile section */

/* Begin PBXFileReference section */
		184F705F1C566BE3001440B6 /* UITabBarController-storyboard.app */ = {isa = PBXFileReference; explicitFileType = wrapper.application; includeInIndex = 0; path = "UITabBarController-storyboard.app"; sourceTree = BUILT_PRODUCTS_DIR; };
		184F70631C566BE3001440B6 /* main.m */ = {isa = PBXFileReference; lastKnownFileType = sourcecode.c.objc; path = main.m; sourceTree = "<group>"; };
		184F70651C566BE3001440B6 /* AppDelegate.h */ = {isa = PBXFileReference; lastKnownFileType = sourcecode.c.h; path = AppDelegate.h; sourceTree = "<group>"; };
		184F70661C566BE3001440B6 /* AppDelegate.m */ = {isa = PBXFileReference; lastKnownFileType = sourcecode.c.objc; path = AppDelegate.m; sourceTree = "<group>"; };
		184F706C1C566BE3001440B6 /* Base */ = {isa = PBXFileReference; lastKnownFileType = file.storyboard; name = Base; path = Base.lproj/Main.storyboard; sourceTree = "<group>"; };
		184F706E1C566BE3001440B6 /* Assets.xcassets */ = {isa = PBXFileReference; lastKnownFileType = folder.assetcatalog; path = Assets.xcassets; sourceTree = "<group>"; };
		184F70731C566BE3001440B6 /* Info.plist */ = {isa = PBXFileReference; lastKnownFileType = text.plist.xml; path = Info.plist; sourceTree = "<group>"; };
		184F70821C566FEB001440B6 /* tab_buddy_nor@2x.png */ = {isa = PBXFileReference; lastKnownFileType = image.png; path = "tab_buddy_nor@2x.png"; sourceTree = "<group>"; };
		184F70831C566FEB001440B6 /* tab_me_nor@2x.png */ = {isa = PBXFileReference; lastKnownFileType = image.png; path = "tab_me_nor@2x.png"; sourceTree = "<group>"; };
		184F70841C566FEB001440B6 /* tab_qworld_nor@2x.png */ = {isa = PBXFileReference; lastKnownFileType = image.png; path = "tab_qworld_nor@2x.png"; sourceTree = "<group>"; };
		7582F543217597B600701B49 /* ViewController.h */ = {isa = PBXFileReference; lastKnownFileType = sourcecode.c.h; path = ViewController.h; sourceTree = "<group>"; };
		7582F544217597B600701B49 /* ViewController.m */ = {isa = PBXFileReference; lastKnownFileType = sourcecode.c.objc; path = ViewController.m; sourceTree = "<group>"; };
		7582F546217597C300701B49 /* OneViewController.h */ = {isa = PBXFileReference; lastKnownFileType = sourcecode.c.h; path = OneViewController.h; sourceTree = "<group>"; };
		7582F547217597C300701B49 /* OneViewController.m */ = {isa = PBXFileReference; lastKnownFileType = sourcecode.c.objc; path = OneViewController.m; sourceTree = "<group>"; };
		7582F549217597CF00701B49 /* TwoViewController.h */ = {isa = PBXFileReference; lastKnownFileType = sourcecode.c.h; path = TwoViewController.h; sourceTree = "<group>"; };
		7582F54A217597CF00701B49 /* TwoViewController.m */ = {isa = PBXFileReference; lastKnownFileType = sourcecode.c.objc; path = TwoViewController.m; sourceTree = "<group>"; };
/* End PBXFileReference section */

/* Begin PBXFrameworksBuildPhase section */
		184F705C1C566BE3001440B6 /* Frameworks */ = {
			isa = PBXFrameworksBuildPhase;
			buildActionMask = 2147483647;
			files = (
			);
			runOnlyForDeploymentPostprocessing = 0;
		};
/* End PBXFrameworksBuildPhase section */

/* Begin PBXGroup section */
		184F70561C566BE3001440B6 = {
			isa = PBXGroup;
			children = (
				184F70611C566BE3001440B6 /* UITabBarController-storyboard */,
				184F70601C566BE3001440B6 /* Products */,
			);
			sourceTree = "<group>";
		};
		184F70601C566BE3001440B6 /* Products */ = {
			isa = PBXGroup;
			children = (
				184F705F1C566BE3001440B6 /* UITabBarController-storyboard.app */,
			);
			name = Products;
			sourceTree = "<group>";
		};
		184F70611C566BE3001440B6 /* UITabBarController-storyboard */ = {
			isa = PBXGroup;
			children = (
				184F70651C566BE3001440B6 /* AppDelegate.h */,
				184F70661C566BE3001440B6 /* AppDelegate.m */,
				7582F543217597B600701B49 /* ViewController.h */,
				7582F544217597B600701B49 /* ViewController.m */,
				7582F546217597C300701B49 /* OneViewController.h */,
				7582F547217597C300701B49 /* OneViewController.m */,
				7582F549217597CF00701B49 /* TwoViewController.h */,
				7582F54A217597CF00701B49 /* TwoViewController.m */,
				184F706B1C566BE3001440B6 /* Main.storyboard */,
				184F70821C566FEB001440B6 /* tab_buddy_nor@2x.png */,
				184F70831C566FEB001440B6 /* tab_me_nor@2x.png */,
				184F70841C566FEB001440B6 /* tab_qworld_nor@2x.png */,
				184F706E1C566BE3001440B6 /* Assets.xcassets */,
				184F70731C566BE3001440B6 /* Info.plist */,
				184F70621C566BE3001440B6 /* Supporting Files */,
			);
			path = "UITabBarController-storyboard";
			sourceTree = "<group>";
		};
		184F70621C566BE3001440B6 /* Supporting Files */ = {
			isa = PBXGroup;
			children = (
				184F70631C566BE3001440B6 /* main.m */,
			);
			name = "Supporting Files";
			sourceTree = "<group>";
		};
/* End PBXGroup section */

/* Begin PBXNativeTarget section */
		184F705E1C566BE3001440B6 /* UITabBarController-storyboard */ = {
			isa = PBXNativeTarget;
			buildConfigurationList = 184F70761C566BE3001440B6 /* Build configuration list for PBXNativeTarget "UITabBarController-storyboard" */;
			buildPhases = (
				184F705B1C566BE3001440B6 /* Sources */,
				184F705C1C566BE3001440B6 /* Frameworks */,
				184F705D1C566BE3001440B6 /* Resources */,
			);
			buildRules = (
			);
			dependencies = (
			);
			name = "UITabBarController-storyboard";
			productName = "UITabBarController-storyboard";
			productReference = 184F705F1C566BE3001440B6 /* UITabBarController-storyboard.app */;
			productType = "com.apple.product-type.application";
		};
/* End PBXNativeTarget section */

/* Begin PBXProject section */
		184F70571C566BE3001440B6 /* Project object */ = {
			isa = PBXProject;
			attributes = {
				LastUpgradeCheck = 0720;
				ORGANIZATIONNAME = sunco;
				TargetAttributes = {
					184F705E1C566BE3001440B6 = {
						CreatedOnToolsVersion = 7.2;
					};
				};
			};
			buildConfigurationList = 184F705A1C566BE3001440B6 /* Build configuration list for PBXProject "UITabBarController-storyboard" */;
			compatibilityVersion = "Xcode 3.2";
			developmentRegion = English;
			hasScannedForEncodings = 0;
			knownRegions = (
				en,
				Base,
			);
			mainGroup = 184F70561C566BE3001440B6;
			productRefGroup = 184F70601C566BE3001440B6 /* Products */;
			projectDirPath = "";
			projectRoot = "";
			targets = (
				184F705E1C566BE3001440B6 /* UITabBarController-storyboard */,
			);
		};
/* End PBXProject section */

/* Begin PBXResourcesBuildPhase section */
		184F705D1C566BE3001440B6 /* Resources */ = {
			isa = PBXResourcesBuildPhase;
			buildActionMask = 2147483647;
			files = (
				184F70861C566FEB001440B6 /* tab_me_nor@2x.png in Resources */,
				184F706F1C566BE3001440B6 /* Assets.xcassets in Resources */,
				184F706D1C566BE3001440B6 /* Main.storyboard in Resources */,
				184F70871C566FEB001440B6 /* tab_qworld_nor@2x.png in Resources */,
				184F70851C566FEB001440B6 /* tab_buddy_nor@2x.png in Resources */,
			);
			runOnlyForDeploymentPostprocessing = 0;
		};
/* End PBXResourcesBuildPhase section */

/* Begin PBXSourcesBuildPhase section */
		184F705B1C566BE3001440B6 /* Sources */ = {
			isa = PBXSourcesBuildPhase;
			buildActionMask = 2147483647;
			files = (
				7582F548217597C300701B49 /* OneViewController.m in Sources */,
				184F70671C566BE3001440B6 /* AppDelegate.m in Sources */,
				7582F54B217597CF00701B49 /* TwoViewController.m in Sources */,
				7582F545217597B600701B49 /* ViewController.m in Sources */,
				184F70641C566BE3001440B6 /* main.m in Sources */,
			);
			runOnlyForDeploymentPostprocessing = 0;
		};
/* End PBXSourcesBuildPhase section */

/* Begin PBXVariantGroup section */
		184F706B1C566BE3001440B6 /* Main.storyboard */ = {
			isa = PBXVariantGroup;
			children = (
				184F706C1C566BE3001440B6 /* Base */,
			);
			name = Main.storyboard;
			sourceTree = "<group>";
		};
/* End PBXVariantGroup section */

/* Begin XCBuildConfiguration section */
		184F70741C566BE3001440B6 /* Debug */ = {
			isa = XCBuildConfiguration;
			buildSettings = {
				ALWAYS_SEARCH_USER_PATHS = NO;
				CLANG_CXX_LANGUAGE_STANDARD = "gnu++0x";
				CLANG_CXX_LIBRARY = "libc++";
				CLANG_ENABLE_MODULES = YES;
				CLANG_ENABLE_OBJC_ARC = YES;
				CLANG_WARN_BOOL_CONVERSION = YES;
				CLANG_WARN_CONSTANT_CONVERSION = YES;
				CLANG_WARN_DIRECT_OBJC_ISA_USAGE = YES_ERROR;
				CLANG_WARN_EMPTY_BODY = YES;
				CLANG_WARN_ENUM_CONVERSION = YES;
				CLANG_WARN_INT_CONVERSION = YES;
				CLANG_WARN_OBJC_ROOT_CLASS = YES_ERROR;
				CLANG_WARN_UNREACHABLE_CODE = YES;
				CLANG_WARN__DUPLICATE_METHOD_MATCH = YES;
				"CODE_SIGN_IDENTITY[sdk=iphoneos*]" = "iPhone Developer";
				COPY_PHASE_STRIP = NO;
				DEBUG_INFORMATION_FORMAT = dwarf;
				ENABLE_STRICT_OBJC_MSGSEND = YES;
				ENABLE_TESTABILITY = YES;
				GCC_C_LANGUAGE_STANDARD = gnu99;
				GCC_DYNAMIC_NO_PIC = NO;
				GCC_NO_COMMON_BLOCKS = YES;
				GCC_OPTIMIZATION_LEVEL = 0;
				GCC_PREPROCESSOR_DEFINITIONS = (
					"DEBUG=1",
					"$(inherited)",
				);
				GCC_WARN_64_TO_32_BIT_CONVERSION = YES;
				GCC_WARN_ABOUT_RETURN_TYPE = YES_ERROR;
				GCC_WARN_UNDECLARED_SELECTOR = YES;
				GCC_WARN_UNINITIALIZED_AUTOS = YES_AGGRESSIVE;
				GCC_WARN_UNUSED_FUNCTION = YES;
				GCC_WARN_UNUSED_VARIABLE = YES;
				IPHONEOS_DEPLOYMENT_TARGET = 9.2;
				MTL_ENABLE_DEBUG_INFO = YES;
				ONLY_ACTIVE_ARCH = YES;
				SDKROOT = iphoneos;
			};
			name = Debug;
		};
		184F70751C566BE3001440B6 /* Release */ = {
			isa = XCBuildConfiguration;
			buildSettings = {
				ALWAYS_SEARCH_USER_PATHS = NO;
				CLANG_CXX_LANGUAGE_STANDARD = "gnu++0x";
				CLANG_CXX_LIBRARY = "libc++";
				CLANG_ENABLE_MODULES = YES;
				CLANG_ENABLE_OBJC_ARC = YES;
				CLANG_WARN_BOOL_CONVERSION = YES;
				CLANG_WARN_CONSTANT_CONVERSION = YES;
				CLANG_WARN_DIRECT_OBJC_ISA_USAGE = YES_ERROR;
				CLANG_WARN_EMPTY_BODY = YES;
				CLANG_WARN_ENUM_CONVERSION = YES;
				CLANG_WARN_INT_CONVERSION = YES;
				CLANG_WARN_OBJC_ROOT_CLASS = YES_ERROR;
				CLANG_WARN_UNREACHABLE_CODE = YES;
				CLANG_WARN__DUPLICATE_METHOD_MATCH = YES;
				"CODE_SIGN_IDENTITY[sdk=iphoneos*]" = "iPhone Developer";
				COPY_PHASE_STRIP = NO;
				DEBUG_INFORMATION_FORMAT = "dwarf-with-dsym";
				ENABLE_NS_ASSERTIONS = NO;
				ENABLE_STRICT_OBJC_MSGSEND = YES;
				GCC_C_LANGUAGE_STANDARD = gnu99;
				GCC_NO_COMMON_BLOCKS = YES;
				GCC_WARN_64_TO_32_BIT_CONVERSION = YES;
				GCC_WARN_ABOUT_RETURN_TYPE = YES_ERROR;
				GCC_WARN_UNDECLARED_SELECTOR = YES;
				GCC_WARN_UNINITIALIZED_AUTOS = YES_AGGRESSIVE;
				GCC_WARN_UNUSED_FUNCTION = YES;
				GCC_WARN_UNUSED_VARIABLE = YES;
				IPHONEOS_DEPLOYMENT_TARGET = 9.2;
				MTL_ENABLE_DEBUG_INFO = NO;
				SDKROOT = iphoneos;
				VALIDATE_PRODUCT = YES;
			};
			name = Release;
		};
		184F70771C566BE3001440B6 /* Debug */ = {
			isa = XCBuildConfiguration;
			buildSettings = {
				ASSETCATALOG_COMPILER_APPICON_NAME = AppIcon;
				INFOPLIST_FILE = "UITabBarController-storyboard/Info.plist";
				LD_RUNPATH_SEARCH_PATHS = "$(inherited) @executable_path/Frameworks";
				PRODUCT_BUNDLE_IDENTIFIER = "cn.sunco.UITabBarController-storyboard";
				PRODUCT_NAME = "$(TARGET_NAME)";
			};
			name = Debug;
		};
		184F70781C566BE3001440B6 /* Release */ = {
			isa = XCBuildConfiguration;
			buildSettings = {
				ASSETCATALOG_COMPILER_APPICON_NAME = AppIcon;
				INFOPLIST_FILE = "UITabBarController-storyboard/Info.plist";
				LD_RUNPATH_SEARCH_PATHS = "$(inherited) @executable_path/Frameworks";
				PRODUCT_BUNDLE_IDENTIFIER = "cn.sunco.UITabBarController-storyboard";
				PRODUCT_NAME = "$(TARGET_NAME)";
			};
			name = Release;
		};
/* End XCBuildConfiguration section */

/* Begin XCConfigurationList section */
		184F705A1C566BE3001440B6 /* Build configuration list for PBXProject "UITabBarController-storyboard" */ = {
			isa = XCConfigurationList;
			buildConfigurations = (
				184F70741C566BE3001440B6 /* Debug */,
				184F70751C566BE3001440B6 /* Release */,
			);
			defaultConfigurationIsVisible = 0;
			defaultConfigurationName = Release;
		};
		184F70761C566BE3001440B6 /* Build configuration list for PBXNativeTarget "UITabBarController-storyboard" */ = {
			isa = XCConfigurationList;
			buildConfigurations = (
				184F70771C566BE3001440B6 /* Debug */,
				184F70781C566BE3001440B6 /* Release */,
			);
			defaultConfigurationIsVisible = 0;
			defaultConfigurationName = Release;
		};
/* End XCConfigurationList section */
	};
	rootObject = 184F70571C566BE3001440B6 /* Project object */;
}
